// !$*UTF8*$!
{
	archiveVersion = 1;
	classes = {
	};
	objectVersion = 55;
	objects = {

/* Begin PBXBuildFile section */
		B91EEEA828BD48AC000A9D87 /* URLRequestBuilderTests.swift in Sources */ = {isa = PBXBuildFile; fileRef = B91EEEA728BD48AC000A9D87 /* URLRequestBuilderTests.swift */; };
		B91EEEAE28BD5750000A9D87 /* FakeSearchLandingViewController.swift in Sources */ = {isa = PBXBuildFile; fileRef = B91EEEAD28BD5750000A9D87 /* FakeSearchLandingViewController.swift */; };
		B91EEEB028BD586E000A9D87 /* SearchLandingPresenterTests.swift in Sources */ = {isa = PBXBuildFile; fileRef = B91EEEAF28BD586E000A9D87 /* SearchLandingPresenterTests.swift */; };
		B91EEEB228BD59FF000A9D87 /* FakeSearchUseCase.swift in Sources */ = {isa = PBXBuildFile; fileRef = B91EEEB128BD59FF000A9D87 /* FakeSearchUseCase.swift */; };
		B91EEEB528BD5BD6000A9D87 /* FakeLocationPickerUseCase.swift in Sources */ = {isa = PBXBuildFile; fileRef = B91EEEB428BD5BD6000A9D87 /* FakeLocationPickerUseCase.swift */; };
		B91EEEBB28BD6BBD000A9D87 /* CountrySelectionUseCase.swift in Sources */ = {isa = PBXBuildFile; fileRef = B91EEEBA28BD6BBD000A9D87 /* CountrySelectionUseCase.swift */; };
		B91EEEBD28BD7AD1000A9D87 /* ItemToSearchManager.swift in Sources */ = {isa = PBXBuildFile; fileRef = B91EEEBC28BD7AD1000A9D87 /* ItemToSearchManager.swift */; };
		B91EEEBF28BD7EF5000A9D87 /* CountryIDSelectionManager.swift in Sources */ = {isa = PBXBuildFile; fileRef = B91EEEBE28BD7EF5000A9D87 /* CountryIDSelectionManager.swift */; };
		B91EEEC128BD8300000A9D87 /* PreconditionVerifierUseCase.swift in Sources */ = {isa = PBXBuildFile; fileRef = B91EEEC028BD8300000A9D87 /* PreconditionVerifierUseCase.swift */; };
		B91EEEC328BD87E0000A9D87 /* GetProductsToDisplayService.swift in Sources */ = {isa = PBXBuildFile; fileRef = B91EEEC228BD87E0000A9D87 /* GetProductsToDisplayService.swift */; };
		B91EEEC728BD9B27000A9D87 /* ItemToSearchManagerTests.swift in Sources */ = {isa = PBXBuildFile; fileRef = B91EEEC628BD9B27000A9D87 /* ItemToSearchManagerTests.swift */; };
		B91EEEC928BD9F6D000A9D87 /* CountryIDSelectionManagerTests.swift in Sources */ = {isa = PBXBuildFile; fileRef = B91EEEC828BD9F6D000A9D87 /* CountryIDSelectionManagerTests.swift */; };
		B91EEECB28BDA37A000A9D87 /* ItemToSearchUseCaseTests.swift in Sources */ = {isa = PBXBuildFile; fileRef = B91EEECA28BDA37A000A9D87 /* ItemToSearchUseCaseTests.swift */; };
		B91EEECD28BDA3E9000A9D87 /* FakeItemToSearchManager.swift in Sources */ = {isa = PBXBuildFile; fileRef = B91EEECC28BDA3E9000A9D87 /* FakeItemToSearchManager.swift */; };
		B98A6D9228B5AC3900E698F0 /* AppDelegate.swift in Sources */ = {isa = PBXBuildFile; fileRef = B98A6D9128B5AC3900E698F0 /* AppDelegate.swift */; };
		B98A6D9428B5AC3900E698F0 /* SceneDelegate.swift in Sources */ = {isa = PBXBuildFile; fileRef = B98A6D9328B5AC3900E698F0 /* SceneDelegate.swift */; };
		B98A6D9B28B5AC3B00E698F0 /* Assets.xcassets in Resources */ = {isa = PBXBuildFile; fileRef = B98A6D9A28B5AC3B00E698F0 /* Assets.xcassets */; };
		B98A6D9E28B5AC3B00E698F0 /* LaunchScreen.storyboard in Resources */ = {isa = PBXBuildFile; fileRef = B98A6D9C28B5AC3B00E698F0 /* LaunchScreen.storyboard */; };
		B98A6DAF28B5B40400E698F0 /* SearchLandingViewController.swift in Sources */ = {isa = PBXBuildFile; fileRef = B98A6DAE28B5B40400E698F0 /* SearchLandingViewController.swift */; };
		B98A6DB128B5B41200E698F0 /* SearchLandingPresenter.swift in Sources */ = {isa = PBXBuildFile; fileRef = B98A6DB028B5B41200E698F0 /* SearchLandingPresenter.swift */; };
		B98A6DB328B5B42700E698F0 /* SearchLandingPresenterBuilder.swift in Sources */ = {isa = PBXBuildFile; fileRef = B98A6DB228B5B42700E698F0 /* SearchLandingPresenterBuilder.swift */; };
		B98A6DB728B5BB1300E698F0 /* ListResultsViewController.swift in Sources */ = {isa = PBXBuildFile; fileRef = B98A6DB628B5BB1300E698F0 /* ListResultsViewController.swift */; };
		B98A6DB928B5BB2100E698F0 /* ListResultsPresenter.swift in Sources */ = {isa = PBXBuildFile; fileRef = B98A6DB828B5BB2100E698F0 /* ListResultsPresenter.swift */; };
		B98A6DBB28B5BB2D00E698F0 /* ListResultsPresenterBuilder.swift in Sources */ = {isa = PBXBuildFile; fileRef = B98A6DBA28B5BB2D00E698F0 /* ListResultsPresenterBuilder.swift */; };
		B98A6DC228B5BB8300E698F0 /* ListProductsAPIResponse.swift in Sources */ = {isa = PBXBuildFile; fileRef = B98A6DC128B5BB8300E698F0 /* ListProductsAPIResponse.swift */; };
		B98A6DC428B5BB8E00E698F0 /* ListProductsService.swift in Sources */ = {isa = PBXBuildFile; fileRef = B98A6DC328B5BB8D00E698F0 /* ListProductsService.swift */; };
		B98A6DC728B5BFB300E698F0 /* Main.storyboard in Resources */ = {isa = PBXBuildFile; fileRef = B98A6DC628B5BFB300E698F0 /* Main.storyboard */; };
		B98ABCDF28B67B860076755D /* SearchItemUseCase.swift in Sources */ = {isa = PBXBuildFile; fileRef = B98ABCDE28B67B860076755D /* SearchItemUseCase.swift */; };
		B98ABCE428B680870076755D /* WebClientProtocol.swift in Sources */ = {isa = PBXBuildFile; fileRef = B98ABCE328B680870076755D /* WebClientProtocol.swift */; };
		B98ABCE628B680930076755D /* RESTClient.swift in Sources */ = {isa = PBXBuildFile; fileRef = B98ABCE528B680930076755D /* RESTClient.swift */; };
		B98ABCE928B680F10076755D /* URLRequestBuilder.swift in Sources */ = {isa = PBXBuildFile; fileRef = B98ABCE828B680F10076755D /* URLRequestBuilder.swift */; };
		B98ABCEB28B681370076755D /* BaseEndopoint.swift in Sources */ = {isa = PBXBuildFile; fileRef = B98ABCEA28B681370076755D /* BaseEndopoint.swift */; };
		B98ABCED28B6816A0076755D /* MELIQuery.swift in Sources */ = {isa = PBXBuildFile; fileRef = B98ABCEC28B6816A0076755D /* MELIQuery.swift */; };
		B98ABCEF28B6938B0076755D /* ProductsToDisplay.swift in Sources */ = {isa = PBXBuildFile; fileRef = B98ABCEE28B6938B0076755D /* ProductsToDisplay.swift */; };
		B98ABCF128B6B5460076755D /* GetThumbnailsService.swift in Sources */ = {isa = PBXBuildFile; fileRef = B98ABCF028B6B5460076755D /* GetThumbnailsService.swift */; };
		B98ABCF328B6DB650076755D /* DetailedItemViewController.swift in Sources */ = {isa = PBXBuildFile; fileRef = B98ABCF228B6DB650076755D /* DetailedItemViewController.swift */; };
		B9BD0BFC28B5CEA00097C8CE /* ItemToSearchUseCase.swift in Sources */ = {isa = PBXBuildFile; fileRef = B9BD0BFB28B5CEA00097C8CE /* ItemToSearchUseCase.swift */; };
		B9EDDF8228B7DEA3006CE49D /* DetailedItemPresenter.swift in Sources */ = {isa = PBXBuildFile; fileRef = B9EDDF8128B7DEA3006CE49D /* DetailedItemPresenter.swift */; };
		B9EDDF8428B7DEAF006CE49D /* DetailedItemPresenterBuilder.swift in Sources */ = {isa = PBXBuildFile; fileRef = B9EDDF8328B7DEAF006CE49D /* DetailedItemPresenterBuilder.swift */; };
		B9EDDF8928B7E06F006CE49D /* SearchItemDetailsUseCase.swift in Sources */ = {isa = PBXBuildFile; fileRef = B9EDDF8828B7E06F006CE49D /* SearchItemDetailsUseCase.swift */; };
		B9EDDF8B28B9154F006CE49D /* DetailsQAndAService.swift in Sources */ = {isa = PBXBuildFile; fileRef = B9EDDF8A28B9154F006CE49D /* DetailsQAndAService.swift */; };
		B9EDDF8D28B91607006CE49D /* QAsAPIResponse.swift in Sources */ = {isa = PBXBuildFile; fileRef = B9EDDF8C28B91607006CE49D /* QAsAPIResponse.swift */; };
		B9EDDF9428B984BC006CE49D /* ListCountriesService.swift in Sources */ = {isa = PBXBuildFile; fileRef = B9EDDF9328B984BC006CE49D /* ListCountriesService.swift */; };
		B9EDDF9628B984CF006CE49D /* SitesAPIResponse.swift in Sources */ = {isa = PBXBuildFile; fileRef = B9EDDF9528B984CF006CE49D /* SitesAPIResponse.swift */; };
		B9EDDF9828B98736006CE49D /* LocationPickerUseCase.swift in Sources */ = {isa = PBXBuildFile; fileRef = B9EDDF9728B98736006CE49D /* LocationPickerUseCase.swift */; };
/* End PBXBuildFile section */

/* Begin PBXContainerItemProxy section */
		B91EEE9128BD1D74000A9D87 /* PBXContainerItemProxy */ = {
			isa = PBXContainerItemProxy;
			containerPortal = B98A6D8628B5AC3900E698F0 /* Project object */;
			proxyType = 1;
			remoteGlobalIDString = B98A6D8D28B5AC3900E698F0;
			remoteInfo = MercadoLibre;
		};
/* End PBXContainerItemProxy section */

/* Begin PBXFileReference section */
		B91EEE8D28BD1D74000A9D87 /* MercadoLibreTests.xctest */ = {isa = PBXFileReference; explicitFileType = wrapper.cfbundle; includeInIndex = 0; path = MercadoLibreTests.xctest; sourceTree = BUILT_PRODUCTS_DIR; };
		B91EEEA728BD48AC000A9D87 /* URLRequestBuilderTests.swift */ = {isa = PBXFileReference; lastKnownFileType = sourcecode.swift; path = URLRequestBuilderTests.swift; sourceTree = "<group>"; };
		B91EEEAD28BD5750000A9D87 /* FakeSearchLandingViewController.swift */ = {isa = PBXFileReference; lastKnownFileType = sourcecode.swift; path = FakeSearchLandingViewController.swift; sourceTree = "<group>"; };
		B91EEEAF28BD586E000A9D87 /* SearchLandingPresenterTests.swift */ = {isa = PBXFileReference; lastKnownFileType = sourcecode.swift; path = SearchLandingPresenterTests.swift; sourceTree = "<group>"; };
		B91EEEB128BD59FF000A9D87 /* FakeSearchUseCase.swift */ = {isa = PBXFileReference; lastKnownFileType = sourcecode.swift; path = FakeSearchUseCase.swift; sourceTree = "<group>"; };
		B91EEEB428BD5BD6000A9D87 /* FakeLocationPickerUseCase.swift */ = {isa = PBXFileReference; lastKnownFileType = sourcecode.swift; path = FakeLocationPickerUseCase.swift; sourceTree = "<group>"; };
		B91EEEBA28BD6BBD000A9D87 /* CountrySelectionUseCase.swift */ = {isa = PBXFileReference; lastKnownFileType = sourcecode.swift; path = CountrySelectionUseCase.swift; sourceTree = "<group>"; };
		B91EEEBC28BD7AD1000A9D87 /* ItemToSearchManager.swift */ = {isa = PBXFileReference; lastKnownFileType = sourcecode.swift; path = ItemToSearchManager.swift; sourceTree = "<group>"; };
		B91EEEBE28BD7EF5000A9D87 /* CountryIDSelectionManager.swift */ = {isa = PBXFileReference; lastKnownFileType = sourcecode.swift; path = CountryIDSelectionManager.swift; sourceTree = "<group>"; };
		B91EEEC028BD8300000A9D87 /* PreconditionVerifierUseCase.swift */ = {isa = PBXFileReference; lastKnownFileType = sourcecode.swift; path = PreconditionVerifierUseCase.swift; sourceTree = "<group>"; };
		B91EEEC228BD87E0000A9D87 /* GetProductsToDisplayService.swift */ = {isa = PBXFileReference; lastKnownFileType = sourcecode.swift; path = GetProductsToDisplayService.swift; sourceTree = "<group>"; };
		B91EEEC628BD9B27000A9D87 /* ItemToSearchManagerTests.swift */ = {isa = PBXFileReference; lastKnownFileType = sourcecode.swift; path = ItemToSearchManagerTests.swift; sourceTree = "<group>"; };
		B91EEEC828BD9F6D000A9D87 /* CountryIDSelectionManagerTests.swift */ = {isa = PBXFileReference; lastKnownFileType = sourcecode.swift; path = CountryIDSelectionManagerTests.swift; sourceTree = "<group>"; };
		B91EEECA28BDA37A000A9D87 /* ItemToSearchUseCaseTests.swift */ = {isa = PBXFileReference; lastKnownFileType = sourcecode.swift; path = ItemToSearchUseCaseTests.swift; sourceTree = "<group>"; };
		B91EEECC28BDA3E9000A9D87 /* FakeItemToSearchManager.swift */ = {isa = PBXFileReference; lastKnownFileType = sourcecode.swift; path = FakeItemToSearchManager.swift; sourceTree = "<group>"; };
		B98A6D8E28B5AC3900E698F0 /* MercadoLibre.app */ = {isa = PBXFileReference; explicitFileType = wrapper.application; includeInIndex = 0; path = MercadoLibre.app; sourceTree = BUILT_PRODUCTS_DIR; };
		B98A6D9128B5AC3900E698F0 /* AppDelegate.swift */ = {isa = PBXFileReference; lastKnownFileType = sourcecode.swift; path = AppDelegate.swift; sourceTree = "<group>"; };
		B98A6D9328B5AC3900E698F0 /* SceneDelegate.swift */ = {isa = PBXFileReference; lastKnownFileType = sourcecode.swift; path = SceneDelegate.swift; sourceTree = "<group>"; };
		B98A6D9A28B5AC3B00E698F0 /* Assets.xcassets */ = {isa = PBXFileReference; lastKnownFileType = folder.assetcatalog; path = Assets.xcassets; sourceTree = "<group>"; };
		B98A6D9D28B5AC3B00E698F0 /* Base */ = {isa = PBXFileReference; lastKnownFileType = file.storyboard; name = Base; path = Base.lproj/LaunchScreen.storyboard; sourceTree = "<group>"; };
		B98A6D9F28B5AC3B00E698F0 /* Info.plist */ = {isa = PBXFileReference; lastKnownFileType = text.plist.xml; path = Info.plist; sourceTree = "<group>"; };
		B98A6DAE28B5B40400E698F0 /* SearchLandingViewController.swift */ = {isa = PBXFileReference; lastKnownFileType = sourcecode.swift; path = SearchLandingViewController.swift; sourceTree = "<group>"; };
		B98A6DB028B5B41200E698F0 /* SearchLandingPresenter.swift */ = {isa = PBXFileReference; lastKnownFileType = sourcecode.swift; path = SearchLandingPresenter.swift; sourceTree = "<group>"; };
		B98A6DB228B5B42700E698F0 /* SearchLandingPresenterBuilder.swift */ = {isa = PBXFileReference; lastKnownFileType = sourcecode.swift; path = SearchLandingPresenterBuilder.swift; sourceTree = "<group>"; };
		B98A6DB628B5BB1300E698F0 /* ListResultsViewController.swift */ = {isa = PBXFileReference; lastKnownFileType = sourcecode.swift; path = ListResultsViewController.swift; sourceTree = "<group>"; };
		B98A6DB828B5BB2100E698F0 /* ListResultsPresenter.swift */ = {isa = PBXFileReference; lastKnownFileType = sourcecode.swift; path = ListResultsPresenter.swift; sourceTree = "<group>"; };
		B98A6DBA28B5BB2D00E698F0 /* ListResultsPresenterBuilder.swift */ = {isa = PBXFileReference; lastKnownFileType = sourcecode.swift; path = ListResultsPresenterBuilder.swift; sourceTree = "<group>"; };
		B98A6DC128B5BB8300E698F0 /* ListProductsAPIResponse.swift */ = {isa = PBXFileReference; lastKnownFileType = sourcecode.swift; path = ListProductsAPIResponse.swift; sourceTree = "<group>"; };
		B98A6DC328B5BB8D00E698F0 /* ListProductsService.swift */ = {isa = PBXFileReference; lastKnownFileType = sourcecode.swift; path = ListProductsService.swift; sourceTree = "<group>"; };
		B98A6DC628B5BFB300E698F0 /* Main.storyboard */ = {isa = PBXFileReference; lastKnownFileType = file.storyboard; path = Main.storyboard; sourceTree = "<group>"; };
		B98ABCDE28B67B860076755D /* SearchItemUseCase.swift */ = {isa = PBXFileReference; lastKnownFileType = sourcecode.swift; path = SearchItemUseCase.swift; sourceTree = "<group>"; };
		B98ABCE328B680870076755D /* WebClientProtocol.swift */ = {isa = PBXFileReference; lastKnownFileType = sourcecode.swift; path = WebClientProtocol.swift; sourceTree = "<group>"; };
		B98ABCE528B680930076755D /* RESTClient.swift */ = {isa = PBXFileReference; lastKnownFileType = sourcecode.swift; path = RESTClient.swift; sourceTree = "<group>"; };
		B98ABCE828B680F10076755D /* URLRequestBuilder.swift */ = {isa = PBXFileReference; lastKnownFileType = sourcecode.swift; path = URLRequestBuilder.swift; sourceTree = "<group>"; };
		B98ABCEA28B681370076755D /* BaseEndopoint.swift */ = {isa = PBXFileReference; lastKnownFileType = sourcecode.swift; path = BaseEndopoint.swift; sourceTree = "<group>"; };
		B98ABCEC28B6816A0076755D /* MELIQuery.swift */ = {isa = PBXFileReference; lastKnownFileType = sourcecode.swift; path = MELIQuery.swift; sourceTree = "<group>"; };
		B98ABCEE28B6938B0076755D /* ProductsToDisplay.swift */ = {isa = PBXFileReference; lastKnownFileType = sourcecode.swift; path = ProductsToDisplay.swift; sourceTree = "<group>"; };
		B98ABCF028B6B5460076755D /* GetThumbnailsService.swift */ = {isa = PBXFileReference; lastKnownFileType = sourcecode.swift; path = GetThumbnailsService.swift; sourceTree = "<group>"; };
		B98ABCF228B6DB650076755D /* DetailedItemViewController.swift */ = {isa = PBXFileReference; lastKnownFileType = sourcecode.swift; path = DetailedItemViewController.swift; sourceTree = "<group>"; };
		B9BD0BFB28B5CEA00097C8CE /* ItemToSearchUseCase.swift */ = {isa = PBXFileReference; lastKnownFileType = sourcecode.swift; path = ItemToSearchUseCase.swift; sourceTree = "<group>"; };
		B9EDDF8128B7DEA3006CE49D /* DetailedItemPresenter.swift */ = {isa = PBXFileReference; lastKnownFileType = sourcecode.swift; path = DetailedItemPresenter.swift; sourceTree = "<group>"; };
		B9EDDF8328B7DEAF006CE49D /* DetailedItemPresenterBuilder.swift */ = {isa = PBXFileReference; lastKnownFileType = sourcecode.swift; path = DetailedItemPresenterBuilder.swift; sourceTree = "<group>"; };
		B9EDDF8828B7E06F006CE49D /* SearchItemDetailsUseCase.swift */ = {isa = PBXFileReference; lastKnownFileType = sourcecode.swift; path = SearchItemDetailsUseCase.swift; sourceTree = "<group>"; };
		B9EDDF8A28B9154F006CE49D /* DetailsQAndAService.swift */ = {isa = PBXFileReference; lastKnownFileType = sourcecode.swift; path = DetailsQAndAService.swift; sourceTree = "<group>"; };
		B9EDDF8C28B91607006CE49D /* QAsAPIResponse.swift */ = {isa = PBXFileReference; lastKnownFileType = sourcecode.swift; path = QAsAPIResponse.swift; sourceTree = "<group>"; };
		B9EDDF9328B984BC006CE49D /* ListCountriesService.swift */ = {isa = PBXFileReference; lastKnownFileType = sourcecode.swift; path = ListCountriesService.swift; sourceTree = "<group>"; };
		B9EDDF9528B984CF006CE49D /* SitesAPIResponse.swift */ = {isa = PBXFileReference; lastKnownFileType = sourcecode.swift; path = SitesAPIResponse.swift; sourceTree = "<group>"; };
		B9EDDF9728B98736006CE49D /* LocationPickerUseCase.swift */ = {isa = PBXFileReference; lastKnownFileType = sourcecode.swift; path = LocationPickerUseCase.swift; sourceTree = "<group>"; };
/* End PBXFileReference section */

/* Begin PBXFrameworksBuildPhase section */
		B91EEE8A28BD1D74000A9D87 /* Frameworks */ = {
			isa = PBXFrameworksBuildPhase;
			buildActionMask = 2147483647;
			files = (
			);
			runOnlyForDeploymentPostprocessing = 0;
		};
		B98A6D8B28B5AC3900E698F0 /* Frameworks */ = {
			isa = PBXFrameworksBuildPhase;
			buildActionMask = 2147483647;
			files = (
			);
			runOnlyForDeploymentPostprocessing = 0;
		};
/* End PBXFrameworksBuildPhase section */

/* Begin PBXGroup section */
		B91EEE8E28BD1D74000A9D87 /* MercadoLibreTests */ = {
			isa = PBXGroup;
			children = (
				B91EEE9628BD4334000A9D87 /* Common */,
				B91EEE9728BD4343000A9D87 /* Landing */,
				B91EEE9828BD4348000A9D87 /* ListResults */,
				B91EEE9928BD4350000A9D87 /* DetailedItem */,
			);
			path = MercadoLibreTests;
			sourceTree = "<group>";
		};
		B91EEE9628BD4334000A9D87 /* Common */ = {
			isa = PBXGroup;
			children = (
				B91EEE9A28BD4366000A9D87 /* Infrastructure */,
			);
			path = Common;
			sourceTree = "<group>";
		};
		B91EEE9728BD4343000A9D87 /* Landing */ = {
			isa = PBXGroup;
			children = (
				B91EEE9E28BD439F000A9D87 /* Domain */,
				B91EEE9F28BD43A3000A9D87 /* Presentation */,
				B91EEEA028BD43A9000A9D87 /* Infrastructure */,
			);
			path = Landing;
			sourceTree = "<group>";
		};
		B91EEE9828BD4348000A9D87 /* ListResults */ = {
			isa = PBXGroup;
			children = (
				B91EEEA328BD43D7000A9D87 /* Infrastructure */,
				B91EEEA228BD43D0000A9D87 /* Presentation */,
				B91EEEA128BD43C3000A9D87 /* Domain */,
			);
			path = ListResults;
			sourceTree = "<group>";
		};
		B91EEE9928BD4350000A9D87 /* DetailedItem */ = {
			isa = PBXGroup;
			children = (
				B91EEEA428BD43E3000A9D87 /* Domain */,
				B91EEEA528BD43EB000A9D87 /* Presentation */,
				B91EEEA628BD43F4000A9D87 /* Infrastructure */,
			);
			path = DetailedItem;
			sourceTree = "<group>";
		};
		B91EEE9A28BD4366000A9D87 /* Infrastructure */ = {
			isa = PBXGroup;
			children = (
				B91EEE9B28BD437A000A9D87 /* UserDefaults */,
				B91EEE9C28BD4380000A9D87 /* MeLiAPIRequest */,
			);
			path = Infrastructure;
			sourceTree = "<group>";
		};
		B91EEE9B28BD437A000A9D87 /* UserDefaults */ = {
			isa = PBXGroup;
			children = (
				B91EEEC628BD9B27000A9D87 /* ItemToSearchManagerTests.swift */,
				B91EEEC828BD9F6D000A9D87 /* CountryIDSelectionManagerTests.swift */,
			);
			path = UserDefaults;
			sourceTree = "<group>";
		};
		B91EEE9C28BD4380000A9D87 /* MeLiAPIRequest */ = {
			isa = PBXGroup;
			children = (
				B91EEEA728BD48AC000A9D87 /* URLRequestBuilderTests.swift */,
			);
			path = MeLiAPIRequest;
			sourceTree = "<group>";
		};
		B91EEE9E28BD439F000A9D87 /* Domain */ = {
			isa = PBXGroup;
			children = (
				B91EEECA28BDA37A000A9D87 /* ItemToSearchUseCaseTests.swift */,
				B91EEECC28BDA3E9000A9D87 /* FakeItemToSearchManager.swift */,
			);
			path = Domain;
			sourceTree = "<group>";
		};
		B91EEE9F28BD43A3000A9D87 /* Presentation */ = {
			isa = PBXGroup;
			children = (
				B91EEEAF28BD586E000A9D87 /* SearchLandingPresenterTests.swift */,
				B91EEEB328BD5BB6000A9D87 /* Mocks */,
			);
			path = Presentation;
			sourceTree = "<group>";
		};
		B91EEEA028BD43A9000A9D87 /* Infrastructure */ = {
			isa = PBXGroup;
			children = (
			);
			path = Infrastructure;
			sourceTree = "<group>";
		};
		B91EEEA128BD43C3000A9D87 /* Domain */ = {
			isa = PBXGroup;
			children = (
			);
			path = Domain;
			sourceTree = "<group>";
		};
		B91EEEA228BD43D0000A9D87 /* Presentation */ = {
			isa = PBXGroup;
			children = (
			);
			path = Presentation;
			sourceTree = "<group>";
		};
		B91EEEA328BD43D7000A9D87 /* Infrastructure */ = {
			isa = PBXGroup;
			children = (
			);
			path = Infrastructure;
			sourceTree = "<group>";
		};
		B91EEEA428BD43E3000A9D87 /* Domain */ = {
			isa = PBXGroup;
			children = (
			);
			path = Domain;
			sourceTree = "<group>";
		};
		B91EEEA528BD43EB000A9D87 /* Presentation */ = {
			isa = PBXGroup;
			children = (
			);
			name = Presentation;
			sourceTree = "<group>";
		};
		B91EEEA628BD43F4000A9D87 /* Infrastructure */ = {
			isa = PBXGroup;
			children = (
			);
			path = Infrastructure;
			sourceTree = "<group>";
		};
		B91EEEB328BD5BB6000A9D87 /* Mocks */ = {
			isa = PBXGroup;
			children = (
				B91EEEB128BD59FF000A9D87 /* FakeSearchUseCase.swift */,
				B91EEEAD28BD5750000A9D87 /* FakeSearchLandingViewController.swift */,
				B91EEEB428BD5BD6000A9D87 /* FakeLocationPickerUseCase.swift */,
			);
			path = Mocks;
			sourceTree = "<group>";
		};
		B91EEEC428BD91DD000A9D87 /* RawAPIResponse */ = {
			isa = PBXGroup;
			children = (
				B98A6DC128B5BB8300E698F0 /* ListProductsAPIResponse.swift */,
				B98A6DC328B5BB8D00E698F0 /* ListProductsService.swift */,
				B98ABCF028B6B5460076755D /* GetThumbnailsService.swift */,
			);
			path = RawAPIResponse;
			sourceTree = "<group>";
		};
		B91EEEC528BD91FF000A9D87 /* ProcessedResults */ = {
			isa = PBXGroup;
			children = (
				B98ABCEE28B6938B0076755D /* ProductsToDisplay.swift */,
				B91EEEC228BD87E0000A9D87 /* GetProductsToDisplayService.swift */,
			);
			path = ProcessedResults;
			sourceTree = "<group>";
		};
		B98A6D8528B5AC3900E698F0 = {
			isa = PBXGroup;
			children = (
				B98A6D9028B5AC3900E698F0 /* MercadoLibre */,
				B91EEE8E28BD1D74000A9D87 /* MercadoLibreTests */,
				B98A6D8F28B5AC3900E698F0 /* Products */,
			);
			sourceTree = "<group>";
		};
		B98A6D8F28B5AC3900E698F0 /* Products */ = {
			isa = PBXGroup;
			children = (
				B98A6D8E28B5AC3900E698F0 /* MercadoLibre.app */,
				B91EEE8D28BD1D74000A9D87 /* MercadoLibreTests.xctest */,
			);
			name = Products;
			sourceTree = "<group>";
		};
		B98A6D9028B5AC3900E698F0 /* MercadoLibre */ = {
			isa = PBXGroup;
			children = (
				B98ABCE028B680690076755D /* Common */,
				B98A6DAB28B5B30D00E698F0 /* Landing */,
				B98A6DAC28B5B31B00E698F0 /* ListResults */,
				B98A6DAD28B5B33700E698F0 /* DetailedItem */,
				B98A6D9128B5AC3900E698F0 /* AppDelegate.swift */,
				B98A6D9328B5AC3900E698F0 /* SceneDelegate.swift */,
				B98A6D9A28B5AC3B00E698F0 /* Assets.xcassets */,
				B98A6DC628B5BFB300E698F0 /* Main.storyboard */,
				B98A6D9C28B5AC3B00E698F0 /* LaunchScreen.storyboard */,
				B98A6D9F28B5AC3B00E698F0 /* Info.plist */,
			);
			path = MercadoLibre;
			sourceTree = "<group>";
		};
		B98A6DAB28B5B30D00E698F0 /* Landing */ = {
			isa = PBXGroup;
			children = (
				B9BD0BFA28B5CE8B0097C8CE /* Domain */,
				B98A6DC528B5BB9D00E698F0 /* Presentation */,
				B9EDDF9228B9849D006CE49D /* Infrastructure */,
			);
			path = Landing;
			sourceTree = "<group>";
		};
		B98A6DAC28B5B31B00E698F0 /* ListResults */ = {
			isa = PBXGroup;
			children = (
				B98A6DBD28B5BB4100E698F0 /* Domain */,
				B98A6DBC28B5BB3600E698F0 /* Presentation */,
				B98A6DC028B5BB5800E698F0 /* Infrastructure */,
			);
			path = ListResults;
			sourceTree = "<group>";
		};
		B98A6DAD28B5B33700E698F0 /* DetailedItem */ = {
			isa = PBXGroup;
			children = (
				B9EDDF8628B7DEC4006CE49D /* Domain */,
				B9EDDF8528B7DEB4006CE49D /* Presentation */,
				B9EDDF8728B7DEC9006CE49D /* Infrastructure */,
			);
			path = DetailedItem;
			sourceTree = "<group>";
		};
		B98A6DBC28B5BB3600E698F0 /* Presentation */ = {
			isa = PBXGroup;
			children = (
				B98A6DB628B5BB1300E698F0 /* ListResultsViewController.swift */,
				B98A6DB828B5BB2100E698F0 /* ListResultsPresenter.swift */,
				B98A6DBA28B5BB2D00E698F0 /* ListResultsPresenterBuilder.swift */,
			);
			path = Presentation;
			sourceTree = "<group>";
		};
		B98A6DBD28B5BB4100E698F0 /* Domain */ = {
			isa = PBXGroup;
			children = (
				B98ABCDE28B67B860076755D /* SearchItemUseCase.swift */,
				B91EEEC028BD8300000A9D87 /* PreconditionVerifierUseCase.swift */,
			);
			path = Domain;
			sourceTree = "<group>";
		};
		B98A6DC028B5BB5800E698F0 /* Infrastructure */ = {
			isa = PBXGroup;
			children = (
				B91EEEC428BD91DD000A9D87 /* RawAPIResponse */,
				B91EEEC528BD91FF000A9D87 /* ProcessedResults */,
			);
			path = Infrastructure;
			sourceTree = "<group>";
		};
		B98A6DC528B5BB9D00E698F0 /* Presentation */ = {
			isa = PBXGroup;
			children = (
				B98A6DAE28B5B40400E698F0 /* SearchLandingViewController.swift */,
				B98A6DB028B5B41200E698F0 /* SearchLandingPresenter.swift */,
				B98A6DB228B5B42700E698F0 /* SearchLandingPresenterBuilder.swift */,
			);
			path = Presentation;
			sourceTree = "<group>";
		};
		B98ABCE028B680690076755D /* Common */ = {
			isa = PBXGroup;
			children = (
				B98ABCE128B680700076755D /* Infrastructure */,
			);
			path = Common;
			sourceTree = "<group>";
		};
		B98ABCE128B680700076755D /* Infrastructure */ = {
			isa = PBXGroup;
			children = (
				B9EDDF9928B9901E006CE49D /* UserDefaults */,
				B98ABCE728B680CC0076755D /* MeLiAPIRequest */,
				B98ABCE228B6807B0076755D /* WebClient */,
			);
			path = Infrastructure;
			sourceTree = "<group>";
		};
		B98ABCE228B6807B0076755D /* WebClient */ = {
			isa = PBXGroup;
			children = (
				B98ABCE328B680870076755D /* WebClientProtocol.swift */,
				B98ABCE528B680930076755D /* RESTClient.swift */,
			);
			path = WebClient;
			sourceTree = "<group>";
		};
		B98ABCE728B680CC0076755D /* MeLiAPIRequest */ = {
			isa = PBXGroup;
			children = (
				B98ABCE828B680F10076755D /* URLRequestBuilder.swift */,
				B98ABCEA28B681370076755D /* BaseEndopoint.swift */,
				B98ABCEC28B6816A0076755D /* MELIQuery.swift */,
			);
			path = MeLiAPIRequest;
			sourceTree = "<group>";
		};
		B9BD0BFA28B5CE8B0097C8CE /* Domain */ = {
			isa = PBXGroup;
			children = (
				B9BD0BFB28B5CEA00097C8CE /* ItemToSearchUseCase.swift */,
				B9EDDF9728B98736006CE49D /* LocationPickerUseCase.swift */,
				B91EEEBA28BD6BBD000A9D87 /* CountrySelectionUseCase.swift */,
			);
			path = Domain;
			sourceTree = "<group>";
		};
		B9EDDF8528B7DEB4006CE49D /* Presentation */ = {
			isa = PBXGroup;
			children = (
				B98ABCF228B6DB650076755D /* DetailedItemViewController.swift */,
				B9EDDF8128B7DEA3006CE49D /* DetailedItemPresenter.swift */,
				B9EDDF8328B7DEAF006CE49D /* DetailedItemPresenterBuilder.swift */,
			);
			path = Presentation;
			sourceTree = "<group>";
		};
		B9EDDF8628B7DEC4006CE49D /* Domain */ = {
			isa = PBXGroup;
			children = (
				B9EDDF8828B7E06F006CE49D /* SearchItemDetailsUseCase.swift */,
			);
			path = Domain;
			sourceTree = "<group>";
		};
		B9EDDF8728B7DEC9006CE49D /* Infrastructure */ = {
			isa = PBXGroup;
			children = (
				B9EDDF8A28B9154F006CE49D /* DetailsQAndAService.swift */,
				B9EDDF8C28B91607006CE49D /* QAsAPIResponse.swift */,
			);
			path = Infrastructure;
			sourceTree = "<group>";
		};
		B9EDDF9228B9849D006CE49D /* Infrastructure */ = {
			isa = PBXGroup;
			children = (
				B9EDDF9528B984CF006CE49D /* SitesAPIResponse.swift */,
				B9EDDF9328B984BC006CE49D /* ListCountriesService.swift */,
			);
			path = Infrastructure;
			sourceTree = "<group>";
		};
		B9EDDF9928B9901E006CE49D /* UserDefaults */ = {
			isa = PBXGroup;
			children = (
				B91EEEBC28BD7AD1000A9D87 /* ItemToSearchManager.swift */,
				B91EEEBE28BD7EF5000A9D87 /* CountryIDSelectionManager.swift */,
			);
			path = UserDefaults;
			sourceTree = "<group>";
		};
/* End PBXGroup section */

/* Begin PBXNativeTarget section */
		B91EEE8C28BD1D74000A9D87 /* MercadoLibreTests */ = {
			isa = PBXNativeTarget;
			buildConfigurationList = B91EEE9528BD1D74000A9D87 /* Build configuration list for PBXNativeTarget "MercadoLibreTests" */;
			buildPhases = (
				B91EEE8928BD1D74000A9D87 /* Sources */,
				B91EEE8A28BD1D74000A9D87 /* Frameworks */,
				B91EEE8B28BD1D74000A9D87 /* Resources */,
			);
			buildRules = (
			);
			dependencies = (
				B91EEE9228BD1D74000A9D87 /* PBXTargetDependency */,
			);
			name = MercadoLibreTests;
			productName = MercadoLibreTests;
			productReference = B91EEE8D28BD1D74000A9D87 /* MercadoLibreTests.xctest */;
			productType = "com.apple.product-type.bundle.unit-test";
		};
		B98A6D8D28B5AC3900E698F0 /* MercadoLibre */ = {
			isa = PBXNativeTarget;
			buildConfigurationList = B98A6DA228B5AC3B00E698F0 /* Build configuration list for PBXNativeTarget "MercadoLibre" */;
			buildPhases = (
				B98A6D8A28B5AC3900E698F0 /* Sources */,
				B98A6D8B28B5AC3900E698F0 /* Frameworks */,
				B98A6D8C28B5AC3900E698F0 /* Resources */,
			);
			buildRules = (
			);
			dependencies = (
			);
			name = MercadoLibre;
			productName = MercadoLibre;
			productReference = B98A6D8E28B5AC3900E698F0 /* MercadoLibre.app */;
			productType = "com.apple.product-type.application";
		};
/* End PBXNativeTarget section */

/* Begin PBXProject section */
		B98A6D8628B5AC3900E698F0 /* Project object */ = {
			isa = PBXProject;
			attributes = {
				BuildIndependentTargetsInParallel = 1;
				LastSwiftUpdateCheck = 1340;
				LastUpgradeCheck = 1340;
				TargetAttributes = {
					B91EEE8C28BD1D74000A9D87 = {
						CreatedOnToolsVersion = 13.4.1;
						TestTargetID = B98A6D8D28B5AC3900E698F0;
					};
					B98A6D8D28B5AC3900E698F0 = {
						CreatedOnToolsVersion = 13.4.1;
					};
				};
			};
			buildConfigurationList = B98A6D8928B5AC3900E698F0 /* Build configuration list for PBXProject "MercadoLibre" */;
			compatibilityVersion = "Xcode 13.0";
			developmentRegion = en;
			hasScannedForEncodings = 0;
			knownRegions = (
				en,
				Base,
			);
			mainGroup = B98A6D8528B5AC3900E698F0;
			productRefGroup = B98A6D8F28B5AC3900E698F0 /* Products */;
			projectDirPath = "";
			projectRoot = "";
			targets = (
				B98A6D8D28B5AC3900E698F0 /* MercadoLibre */,
				B91EEE8C28BD1D74000A9D87 /* MercadoLibreTests */,
			);
		};
/* End PBXProject section */

/* Begin PBXResourcesBuildPhase section */
		B91EEE8B28BD1D74000A9D87 /* Resources */ = {
			isa = PBXResourcesBuildPhase;
			buildActionMask = 2147483647;
			files = (
			);
			runOnlyForDeploymentPostprocessing = 0;
		};
		B98A6D8C28B5AC3900E698F0 /* Resources */ = {
			isa = PBXResourcesBuildPhase;
			buildActionMask = 2147483647;
			files = (
				B98A6D9E28B5AC3B00E698F0 /* LaunchScreen.storyboard in Resources */,
				B98A6DC728B5BFB300E698F0 /* Main.storyboard in Resources */,
				B98A6D9B28B5AC3B00E698F0 /* Assets.xcassets in Resources */,
			);
			runOnlyForDeploymentPostprocessing = 0;
		};
/* End PBXResourcesBuildPhase section */

/* Begin PBXSourcesBuildPhase section */
		B91EEE8928BD1D74000A9D87 /* Sources */ = {
			isa = PBXSourcesBuildPhase;
			buildActionMask = 2147483647;
			files = (
				B91EEEB028BD586E000A9D87 /* SearchLandingPresenterTests.swift in Sources */,
				B91EEEB528BD5BD6000A9D87 /* FakeLocationPickerUseCase.swift in Sources */,
				B91EEEA828BD48AC000A9D87 /* URLRequestBuilderTests.swift in Sources */,
				B91EEEC728BD9B27000A9D87 /* ItemToSearchManagerTests.swift in Sources */,
				B91EEECD28BDA3E9000A9D87 /* FakeItemToSearchManager.swift in Sources */,
				B91EEEC928BD9F6D000A9D87 /* CountryIDSelectionManagerTests.swift in Sources */,
				B91EEECB28BDA37A000A9D87 /* ItemToSearchUseCaseTests.swift in Sources */,
				B91EEEB228BD59FF000A9D87 /* FakeSearchUseCase.swift in Sources */,
				B91EEEAE28BD5750000A9D87 /* FakeSearchLandingViewController.swift in Sources */,
			);
			runOnlyForDeploymentPostprocessing = 0;
		};
		B98A6D8A28B5AC3900E698F0 /* Sources */ = {
			isa = PBXSourcesBuildPhase;
			buildActionMask = 2147483647;
			files = (
				B98ABCDF28B67B860076755D /* SearchItemUseCase.swift in Sources */,
				B9EDDF9428B984BC006CE49D /* ListCountriesService.swift in Sources */,
				B98A6DB328B5B42700E698F0 /* SearchLandingPresenterBuilder.swift in Sources */,
				B98ABCF328B6DB650076755D /* DetailedItemViewController.swift in Sources */,
				B9EDDF9628B984CF006CE49D /* SitesAPIResponse.swift in Sources */,
				B98ABCE628B680930076755D /* RESTClient.swift in Sources */,
				B9EDDF9828B98736006CE49D /* LocationPickerUseCase.swift in Sources */,
				B98A6D9228B5AC3900E698F0 /* AppDelegate.swift in Sources */,
				B98ABCE428B680870076755D /* WebClientProtocol.swift in Sources */,
				B98A6DB928B5BB2100E698F0 /* ListResultsPresenter.swift in Sources */,
				B98ABCEF28B6938B0076755D /* ProductsToDisplay.swift in Sources */,
				B9EDDF8928B7E06F006CE49D /* SearchItemDetailsUseCase.swift in Sources */,
				B98A6DB728B5BB1300E698F0 /* ListResultsViewController.swift in Sources */,
				B91EEEC128BD8300000A9D87 /* PreconditionVerifierUseCase.swift in Sources */,
				B9BD0BFC28B5CEA00097C8CE /* ItemToSearchUseCase.swift in Sources */,
				B9EDDF8D28B91607006CE49D /* QAsAPIResponse.swift in Sources */,
				B98A6DAF28B5B40400E698F0 /* SearchLandingViewController.swift in Sources */,
				B98ABCEB28B681370076755D /* BaseEndopoint.swift in Sources */,
				B98A6D9428B5AC3900E698F0 /* SceneDelegate.swift in Sources */,
				B9EDDF8228B7DEA3006CE49D /* DetailedItemPresenter.swift in Sources */,
				B98A6DBB28B5BB2D00E698F0 /* ListResultsPresenterBuilder.swift in Sources */,
				B9EDDF8B28B9154F006CE49D /* DetailsQAndAService.swift in Sources */,
				B91EEEBF28BD7EF5000A9D87 /* CountryIDSelectionManager.swift in Sources */,
				B9EDDF8428B7DEAF006CE49D /* DetailedItemPresenterBuilder.swift in Sources */,
				B98ABCE928B680F10076755D /* URLRequestBuilder.swift in Sources */,
				B98ABCF128B6B5460076755D /* GetThumbnailsService.swift in Sources */,
				B98A6DC428B5BB8E00E698F0 /* ListProductsService.swift in Sources */,
				B91EEEC328BD87E0000A9D87 /* GetProductsToDisplayService.swift in Sources */,
				B91EEEBD28BD7AD1000A9D87 /* ItemToSearchManager.swift in Sources */,
				B91EEEBB28BD6BBD000A9D87 /* CountrySelectionUseCase.swift in Sources */,
				B98A6DC228B5BB8300E698F0 /* ListProductsAPIResponse.swift in Sources */,
				B98A6DB128B5B41200E698F0 /* SearchLandingPresenter.swift in Sources */,
				B98ABCED28B6816A0076755D /* MELIQuery.swift in Sources */,
			);
			runOnlyForDeploymentPostprocessing = 0;
		};
/* End PBXSourcesBuildPhase section */

/* Begin PBXTargetDependency section */
		B91EEE9228BD1D74000A9D87 /* PBXTargetDependency */ = {
			isa = PBXTargetDependency;
			target = B98A6D8D28B5AC3900E698F0 /* MercadoLibre */;
			targetProxy = B91EEE9128BD1D74000A9D87 /* PBXContainerItemProxy */;
		};
/* End PBXTargetDependency section */

/* Begin PBXVariantGroup section */
		B98A6D9C28B5AC3B00E698F0 /* LaunchScreen.storyboard */ = {
			isa = PBXVariantGroup;
			children = (
				B98A6D9D28B5AC3B00E698F0 /* Base */,
			);
			name = LaunchScreen.storyboard;
			sourceTree = "<group>";
		};
/* End PBXVariantGroup section */

/* Begin XCBuildConfiguration section */
		B91EEE9328BD1D74000A9D87 /* Debug */ = {
			isa = XCBuildConfiguration;
			buildSettings = {
				BUNDLE_LOADER = "$(TEST_HOST)";
				CODE_SIGN_STYLE = Automatic;
				CURRENT_PROJECT_VERSION = 1;
				DEVELOPMENT_TEAM = Z24Z5QFBHM;
				GENERATE_INFOPLIST_FILE = YES;
				MARKETING_VERSION = 1.0;
				PRODUCT_BUNDLE_IDENTIFIER = nataDev.MercadoLibreTests;
				PRODUCT_NAME = "$(TARGET_NAME)";
				SWIFT_EMIT_LOC_STRINGS = NO;
				SWIFT_VERSION = 5.0;
				TARGETED_DEVICE_FAMILY = "1,2";
				TEST_HOST = "$(BUILT_PRODUCTS_DIR)/MercadoLibre.app/MercadoLibre";
			};
			name = Debug;
		};
		B91EEE9428BD1D74000A9D87 /* Release */ = {
			isa = XCBuildConfiguration;
			buildSettings = {
				BUNDLE_LOADER = "$(TEST_HOST)";
				CODE_SIGN_STYLE = Automatic;
				CURRENT_PROJECT_VERSION = 1;
				DEVELOPMENT_TEAM = Z24Z5QFBHM;
				GENERATE_INFOPLIST_FILE = YES;
				MARKETING_VERSION = 1.0;
				PRODUCT_BUNDLE_IDENTIFIER = nataDev.MercadoLibreTests;
				PRODUCT_NAME = "$(TARGET_NAME)";
				SWIFT_EMIT_LOC_STRINGS = NO;
				SWIFT_VERSION = 5.0;
				TARGETED_DEVICE_FAMILY = "1,2";
				TEST_HOST = "$(BUILT_PRODUCTS_DIR)/MercadoLibre.app/MercadoLibre";
			};
			name = Release;
		};
		B98A6DA028B5AC3B00E698F0 /* Debug */ = {
			isa = XCBuildConfiguration;
			buildSettings = {
				ALWAYS_SEARCH_USER_PATHS = NO;
				CLANG_ANALYZER_NONNULL = YES;
				CLANG_ANALYZER_NUMBER_OBJECT_CONVERSION = YES_AGGRESSIVE;
				CLANG_CXX_LANGUAGE_STANDARD = "gnu++17";
				CLANG_ENABLE_MODULES = YES;
				CLANG_ENABLE_OBJC_ARC = YES;
				CLANG_ENABLE_OBJC_WEAK = YES;
				CLANG_WARN_BLOCK_CAPTURE_AUTORELEASING = YES;
				CLANG_WARN_BOOL_CONVERSION = YES;
				CLANG_WARN_COMMA = YES;
				CLANG_WARN_CONSTANT_CONVERSION = YES;
				CLANG_WARN_DEPRECATED_OBJC_IMPLEMENTATIONS = YES;
				CLANG_WARN_DIRECT_OBJC_ISA_USAGE = YES_ERROR;
				CLANG_WARN_DOCUMENTATION_COMMENTS = YES;
				CLANG_WARN_EMPTY_BODY = YES;
				CLANG_WARN_ENUM_CONVERSION = YES;
				CLANG_WARN_INFINITE_RECURSION = YES;
				CLANG_WARN_INT_CONVERSION = YES;
				CLANG_WARN_NON_LITERAL_NULL_CONVERSION = YES;
				CLANG_WARN_OBJC_IMPLICIT_RETAIN_SELF = YES;
				CLANG_WARN_OBJC_LITERAL_CONVERSION = YES;
				CLANG_WARN_OBJC_ROOT_CLASS = YES_ERROR;
				CLANG_WARN_QUOTED_INCLUDE_IN_FRAMEWORK_HEADER = YES;
				CLANG_WARN_RANGE_LOOP_ANALYSIS = YES;
				CLANG_WARN_STRICT_PROTOTYPES = YES;
				CLANG_WARN_SUSPICIOUS_MOVE = YES;
				CLANG_WARN_UNGUARDED_AVAILABILITY = YES_AGGRESSIVE;
				CLANG_WARN_UNREACHABLE_CODE = YES;
				CLANG_WARN__DUPLICATE_METHOD_MATCH = YES;
				COPY_PHASE_STRIP = NO;
				DEBUG_INFORMATION_FORMAT = dwarf;
				ENABLE_STRICT_OBJC_MSGSEND = YES;
				ENABLE_TESTABILITY = YES;
				GCC_C_LANGUAGE_STANDARD = gnu11;
				GCC_DYNAMIC_NO_PIC = NO;
				GCC_NO_COMMON_BLOCKS = YES;
				GCC_OPTIMIZATION_LEVEL = 0;
				GCC_PREPROCESSOR_DEFINITIONS = (
					"DEBUG=1",
					"$(inherited)",
				);
				GCC_WARN_64_TO_32_BIT_CONVERSION = YES;
				GCC_WARN_ABOUT_RETURN_TYPE = YES_ERROR;
				GCC_WARN_UNDECLARED_SELECTOR = YES;
				GCC_WARN_UNINITIALIZED_AUTOS = YES_AGGRESSIVE;
				GCC_WARN_UNUSED_FUNCTION = YES;
				GCC_WARN_UNUSED_VARIABLE = YES;
				IPHONEOS_DEPLOYMENT_TARGET = 15.5;
				MTL_ENABLE_DEBUG_INFO = INCLUDE_SOURCE;
				MTL_FAST_MATH = YES;
				ONLY_ACTIVE_ARCH = YES;
				SDKROOT = iphoneos;
				SWIFT_ACTIVE_COMPILATION_CONDITIONS = DEBUG;
				SWIFT_OPTIMIZATION_LEVEL = "-Onone";
			};
			name = Debug;
		};
		B98A6DA128B5AC3B00E698F0 /* Release */ = {
			isa = XCBuildConfiguration;
			buildSettings = {
				ALWAYS_SEARCH_USER_PATHS = NO;
				CLANG_ANALYZER_NONNULL = YES;
				CLANG_ANALYZER_NUMBER_OBJECT_CONVERSION = YES_AGGRESSIVE;
				CLANG_CXX_LANGUAGE_STANDARD = "gnu++17";
				CLANG_ENABLE_MODULES = YES;
				CLANG_ENABLE_OBJC_ARC = YES;
				CLANG_ENABLE_OBJC_WEAK = YES;
				CLANG_WARN_BLOCK_CAPTURE_AUTORELEASING = YES;
				CLANG_WARN_BOOL_CONVERSION = YES;
				CLANG_WARN_COMMA = YES;
				CLANG_WARN_CONSTANT_CONVERSION = YES;
				CLANG_WARN_DEPRECATED_OBJC_IMPLEMENTATIONS = YES;
				CLANG_WARN_DIRECT_OBJC_ISA_USAGE = YES_ERROR;
				CLANG_WARN_DOCUMENTATION_COMMENTS = YES;
				CLANG_WARN_EMPTY_BODY = YES;
				CLANG_WARN_ENUM_CONVERSION = YES;
				CLANG_WARN_INFINITE_RECURSION = YES;
				CLANG_WARN_INT_CONVERSION = YES;
				CLANG_WARN_NON_LITERAL_NULL_CONVERSION = YES;
				CLANG_WARN_OBJC_IMPLICIT_RETAIN_SELF = YES;
				CLANG_WARN_OBJC_LITERAL_CONVERSION = YES;
				CLANG_WARN_OBJC_ROOT_CLASS = YES_ERROR;
				CLANG_WARN_QUOTED_INCLUDE_IN_FRAMEWORK_HEADER = YES;
				CLANG_WARN_RANGE_LOOP_ANALYSIS = YES;
				CLANG_WARN_STRICT_PROTOTYPES = YES;
				CLANG_WARN_SUSPICIOUS_MOVE = YES;
				CLANG_WARN_UNGUARDED_AVAILABILITY = YES_AGGRESSIVE;
				CLANG_WARN_UNREACHABLE_CODE = YES;
				CLANG_WARN__DUPLICATE_METHOD_MATCH = YES;
				COPY_PHASE_STRIP = NO;
				DEBUG_INFORMATION_FORMAT = "dwarf-with-dsym";
				ENABLE_NS_ASSERTIONS = NO;
				ENABLE_STRICT_OBJC_MSGSEND = YES;
				GCC_C_LANGUAGE_STANDARD = gnu11;
				GCC_NO_COMMON_BLOCKS = YES;
				GCC_WARN_64_TO_32_BIT_CONVERSION = YES;
				GCC_WARN_ABOUT_RETURN_TYPE = YES_ERROR;
				GCC_WARN_UNDECLARED_SELECTOR = YES;
				GCC_WARN_UNINITIALIZED_AUTOS = YES_AGGRESSIVE;
				GCC_WARN_UNUSED_FUNCTION = YES;
				GCC_WARN_UNUSED_VARIABLE = YES;
				IPHONEOS_DEPLOYMENT_TARGET = 15.5;
				MTL_ENABLE_DEBUG_INFO = NO;
				MTL_FAST_MATH = YES;
				SDKROOT = iphoneos;
				SWIFT_COMPILATION_MODE = wholemodule;
				SWIFT_OPTIMIZATION_LEVEL = "-O";
				VALIDATE_PRODUCT = YES;
			};
			name = Release;
		};
		B98A6DA328B5AC3B00E698F0 /* Debug */ = {
			isa = XCBuildConfiguration;
			buildSettings = {
				ASSETCATALOG_COMPILER_APPICON_NAME = AppIcon;
				ASSETCATALOG_COMPILER_GLOBAL_ACCENT_COLOR_NAME = AccentColor;
				CODE_SIGN_STYLE = Automatic;
				CURRENT_PROJECT_VERSION = 1;
				DEVELOPMENT_TEAM = Z24Z5QFBHM;
				GENERATE_INFOPLIST_FILE = YES;
				INFOPLIST_FILE = MercadoLibre/Info.plist;
				INFOPLIST_KEY_UIApplicationSupportsIndirectInputEvents = YES;
				INFOPLIST_KEY_UILaunchScreen_Generation = NO;
				INFOPLIST_KEY_UILaunchStoryboardName = LaunchScreen.storyboard;
				INFOPLIST_KEY_UIMainStoryboardFile = Main;
				INFOPLIST_KEY_UISupportedInterfaceOrientations_iPad = "UIInterfaceOrientationPortrait UIInterfaceOrientationPortraitUpsideDown UIInterfaceOrientationLandscapeLeft UIInterfaceOrientationLandscapeRight";
				INFOPLIST_KEY_UISupportedInterfaceOrientations_iPhone = "UIInterfaceOrientationPortrait UIInterfaceOrientationLandscapeLeft UIInterfaceOrientationLandscapeRight";
				LD_RUNPATH_SEARCH_PATHS = (
					"$(inherited)",
					"@executable_path/Frameworks",
				);
				MARKETING_VERSION = 1.0;
				PRODUCT_BUNDLE_IDENTIFIER = nataDev.MercadoLibre;
				PRODUCT_NAME = "$(TARGET_NAME)";
				SWIFT_EMIT_LOC_STRINGS = YES;
				SWIFT_VERSION = 5.0;
				TARGETED_DEVICE_FAMILY = "1,2";
			};
			name = Debug;
		};
		B98A6DA428B5AC3B00E698F0 /* Release */ = {
			isa = XCBuildConfiguration;
			buildSettings = {
				ASSETCATALOG_COMPILER_APPICON_NAME = AppIcon;
				ASSETCATALOG_COMPILER_GLOBAL_ACCENT_COLOR_NAME = AccentColor;
				CODE_SIGN_STYLE = Automatic;
				CURRENT_PROJECT_VERSION = 1;
				DEVELOPMENT_TEAM = Z24Z5QFBHM;
				GENERATE_INFOPLIST_FILE = YES;
				INFOPLIST_FILE = MercadoLibre/Info.plist;
				INFOPLIST_KEY_UIApplicationSupportsIndirectInputEvents = YES;
				INFOPLIST_KEY_UILaunchScreen_Generation = NO;
				INFOPLIST_KEY_UILaunchStoryboardName = LaunchScreen.storyboard;
				INFOPLIST_KEY_UIMainStoryboardFile = Main;
				INFOPLIST_KEY_UISupportedInterfaceOrientations_iPad = "UIInterfaceOrientationPortrait UIInterfaceOrientationPortraitUpsideDown UIInterfaceOrientationLandscapeLeft UIInterfaceOrientationLandscapeRight";
				INFOPLIST_KEY_UISupportedInterfaceOrientations_iPhone = "UIInterfaceOrientationPortrait UIInterfaceOrientationLandscapeLeft UIInterfaceOrientationLandscapeRight";
				LD_RUNPATH_SEARCH_PATHS = (
					"$(inherited)",
					"@executable_path/Frameworks",
				);
				MARKETING_VERSION = 1.0;
				PRODUCT_BUNDLE_IDENTIFIER = nataDev.MercadoLibre;
				PRODUCT_NAME = "$(TARGET_NAME)";
				SWIFT_EMIT_LOC_STRINGS = YES;
				SWIFT_VERSION = 5.0;
				TARGETED_DEVICE_FAMILY = "1,2";
			};
			name = Release;
		};
/* End XCBuildConfiguration section */

/* Begin XCConfigurationList section */
		B91EEE9528BD1D74000A9D87 /* Build configuration list for PBXNativeTarget "MercadoLibreTests" */ = {
			isa = XCConfigurationList;
			buildConfigurations = (
				B91EEE9328BD1D74000A9D87 /* Debug */,
				B91EEE9428BD1D74000A9D87 /* Release */,
			);
			defaultConfigurationIsVisible = 0;
			defaultConfigurationName = Release;
		};
		B98A6D8928B5AC3900E698F0 /* Build configuration list for PBXProject "MercadoLibre" */ = {
			isa = XCConfigurationList;
			buildConfigurations = (
				B98A6DA028B5AC3B00E698F0 /* Debug */,
				B98A6DA128B5AC3B00E698F0 /* Release */,
			);
			defaultConfigurationIsVisible = 0;
			defaultConfigurationName = Release;
		};
		B98A6DA228B5AC3B00E698F0 /* Build configuration list for PBXNativeTarget "MercadoLibre" */ = {
			isa = XCConfigurationList;
			buildConfigurations = (
				B98A6DA328B5AC3B00E698F0 /* Debug */,
				B98A6DA428B5AC3B00E698F0 /* Release */,
			);
			defaultConfigurationIsVisible = 0;
			defaultConfigurationName = Release;
		};
/* End XCConfigurationList section */
	};
	rootObject = B98A6D8628B5AC3900E698F0 /* Project object */;
}
